
Microsoft Visual Studio Solution File, Format Version 12.00
# Visual Studio 15
VisualStudioVersion = 15.0.26403.0
MinimumVisualStudioVersion = 10.0.40219.1
Project("{FAE04EC0-301F-11D3-BF4B-00C04F79EFBC}") = "SimpsonsFamilyTree.Web", "SimpsonsFamilyTree.Web\SimpsonsFamilyTree.Web.csproj", "{3DD39AF4-F398-4354-9B60-A7ED584431DD}"
EndProject
Project("{FAE04EC0-301F-11D3-BF4B-00C04F79EFBC}") = "SimpsonsFamilyTree.Domain", "SimpsonsFamilyTree.Domain\SimpsonsFamilyTree.Domain.csproj", "{975EB417-CD9E-4A70-9D9E-6893109EE37A}"
EndProject
Project("{2150E333-8FDC-42A3-9474-1A3956D46DE8}") = "Web", "Web", "{66F543A2-4517-4230-A04D-A78028345507}"
EndProject
Project("{2150E333-8FDC-42A3-9474-1A3956D46DE8}") = "Domain", "Domain", "{05AD2BDD-C5D0-4D64-93DB-E3ED588C51BF}"
EndProject
Project("{2150E333-8FDC-42A3-9474-1A3956D46DE8}") = "Data", "Data", "{D4693492-7DDF-42D7-B18D-5EAC807A9DCB}"
EndProject
Global
	GlobalSection(SolutionConfigurationPlatforms) = preSolution
		Debug|Any CPU = Debug|Any CPU
		Release|Any CPU = Release|Any CPU
	EndGlobalSection
	GlobalSection(ProjectConfigurationPlatforms) = postSolution
		{3DD39AF4-F398-4354-9B60-A7ED584431DD}.Debug|Any CPU.ActiveCfg = Debug|Any CPU
		{3DD39AF4-F398-4354-9B60-A7ED584431DD}.Debug|Any CPU.Build.0 = Debug|Any CPU
		{3DD39AF4-F398-4354-9B60-A7ED584431DD}.Release|Any CPU.ActiveCfg = Release|Any CPU
		{3DD39AF4-F398-4354-9B60-A7ED584431DD}.Release|Any CPU.Build.0 = Release|Any CPU
		{975EB417-CD9E-4A70-9D9E-6893109EE37A}.Debug|Any CPU.ActiveCfg = Debug|Any CPU
		{975EB417-CD9E-4A70-9D9E-6893109EE37A}.Debug|Any CPU.Build.0 = Debug|Any CPU
		{975EB417-CD9E-4A70-9D9E-6893109EE37A}.Release|Any CPU.ActiveCfg = Release|Any CPU
		{975EB417-CD9E-4A70-9D9E-6893109EE37A}.Release|Any CPU.Build.0 = Release|Any CPU
	EndGlobalSection
	GlobalSection(SolutionProperties) = preSolution
		HideSolutionNode = FALSE
	EndGlobalSection
	GlobalSection(NestedProjects) = preSolution
		{3DD39AF4-F398-4354-9B60-A7ED584431DD} = {66F543A2-4517-4230-A04D-A78028345507}
		{975EB417-CD9E-4A70-9D9E-6893109EE37A} = {05AD2BDD-C5D0-4D64-93DB-E3ED588C51BF}
	EndGlobalSection
EndGlobal
