
Microsoft Visual Studio Solution File, Format Version 12.00
# Visual Studio 15
VisualStudioVersion = 15.0.26403.0
MinimumVisualStudioVersion = 10.0.40219.1
Project("{9A19103F-16F7-4668-BE54-9A1E7A4F7556}") = "SimpsonsFamilyTree.Web", "SimpsonsFamilyTree.Web\SimpsonsFamilyTree.Web.csproj", "{3DD39AF4-F398-4354-9B60-A7ED584431DD}"
EndProject
Project("{9A19103F-16F7-4668-BE54-9A1E7A4F7556}") = "SimpsonsFamilyTree.Domain", "SimpsonsFamilyTree.Domain\SimpsonsFamilyTree.Domain.csproj", "{975EB417-CD9E-4A70-9D9E-6893109EE37A}"
EndProject
Project("{2150E333-8FDC-42A3-9474-1A3956D46DE8}") = "1.Web", "1.Web", "{66F543A2-4517-4230-A04D-A78028345507}"
EndProject
Project("{2150E333-8FDC-42A3-9474-1A3956D46DE8}") = "2.Domain", "2.Domain", "{05AD2BDD-C5D0-4D64-93DB-E3ED588C51BF}"
EndProject
Project("{2150E333-8FDC-42A3-9474-1A3956D46DE8}") = "3.Data", "3.Data", "{D4693492-7DDF-42D7-B18D-5EAC807A9DCB}"
EndProject
Project("{FAE04EC0-301F-11D3-BF4B-00C04F79EFBC}") = "SimpsonsFamilyTree.Repository.Neo4j", "SimpsonsFamilyTree.GrahDbRepository\SimpsonsFamilyTree.Repository.Neo4j.csproj", "{2D4ED89B-C3F3-4030-ACB0-252CC8B9703C}"
EndProject
Project("{2150E333-8FDC-42A3-9474-1A3956D46DE8}") = "Tests", "Tests", "{FFB600E8-8214-4258-B86D-9A4BDB95B5E8}"
EndProject
Project("{FAE04EC0-301F-11D3-BF4B-00C04F79EFBC}") = "SimpsonsFamilyTree.Web.U.Tests", "SimpsonsFamilyTree.Web.U.Tests\SimpsonsFamilyTree.Web.U.Tests.csproj", "{E7AB6FF2-60D1-4462-9C81-C2229D5FE256}"
EndProject
Global
	GlobalSection(SolutionConfigurationPlatforms) = preSolution
		Debug|Any CPU = Debug|Any CPU
		Release|Any CPU = Release|Any CPU
	EndGlobalSection
	GlobalSection(ProjectConfigurationPlatforms) = postSolution
		{3DD39AF4-F398-4354-9B60-A7ED584431DD}.Debug|Any CPU.ActiveCfg = Debug|Any CPU
		{3DD39AF4-F398-4354-9B60-A7ED584431DD}.Debug|Any CPU.Build.0 = Debug|Any CPU
		{3DD39AF4-F398-4354-9B60-A7ED584431DD}.Release|Any CPU.ActiveCfg = Release|Any CPU
		{3DD39AF4-F398-4354-9B60-A7ED584431DD}.Release|Any CPU.Build.0 = Release|Any CPU
		{975EB417-CD9E-4A70-9D9E-6893109EE37A}.Debug|Any CPU.ActiveCfg = Debug|Any CPU
		{975EB417-CD9E-4A70-9D9E-6893109EE37A}.Debug|Any CPU.Build.0 = Debug|Any CPU
		{975EB417-CD9E-4A70-9D9E-6893109EE37A}.Release|Any CPU.ActiveCfg = Release|Any CPU
		{975EB417-CD9E-4A70-9D9E-6893109EE37A}.Release|Any CPU.Build.0 = Release|Any CPU
		{2D4ED89B-C3F3-4030-ACB0-252CC8B9703C}.Debug|Any CPU.ActiveCfg = Debug|Any CPU
		{2D4ED89B-C3F3-4030-ACB0-252CC8B9703C}.Debug|Any CPU.Build.0 = Debug|Any CPU
		{2D4ED89B-C3F3-4030-ACB0-252CC8B9703C}.Release|Any CPU.ActiveCfg = Release|Any CPU
		{2D4ED89B-C3F3-4030-ACB0-252CC8B9703C}.Release|Any CPU.Build.0 = Release|Any CPU
		{E7AB6FF2-60D1-4462-9C81-C2229D5FE256}.Debug|Any CPU.ActiveCfg = Debug|Any CPU
		{E7AB6FF2-60D1-4462-9C81-C2229D5FE256}.Debug|Any CPU.Build.0 = Debug|Any CPU
		{E7AB6FF2-60D1-4462-9C81-C2229D5FE256}.Release|Any CPU.ActiveCfg = Release|Any CPU
		{E7AB6FF2-60D1-4462-9C81-C2229D5FE256}.Release|Any CPU.Build.0 = Release|Any CPU
	EndGlobalSection
	GlobalSection(SolutionProperties) = preSolution
		HideSolutionNode = FALSE
	EndGlobalSection
	GlobalSection(NestedProjects) = preSolution
		{3DD39AF4-F398-4354-9B60-A7ED584431DD} = {66F543A2-4517-4230-A04D-A78028345507}
		{975EB417-CD9E-4A70-9D9E-6893109EE37A} = {05AD2BDD-C5D0-4D64-93DB-E3ED588C51BF}
		{2D4ED89B-C3F3-4030-ACB0-252CC8B9703C} = {D4693492-7DDF-42D7-B18D-5EAC807A9DCB}
		{FFB600E8-8214-4258-B86D-9A4BDB95B5E8} = {66F543A2-4517-4230-A04D-A78028345507}
		{E7AB6FF2-60D1-4462-9C81-C2229D5FE256} = {FFB600E8-8214-4258-B86D-9A4BDB95B5E8}
	EndGlobalSection
EndGlobal
